
Microsoft Visual Studio Solution File, Format Version 12.00
# Visual Studio Version 16
VisualStudioVersion = 16.0.31613.86
MinimumVisualStudioVersion = 10.0.40219.1
Project("{FAE04EC0-301F-11D3-BF4B-00C04F79EFBC}") = "WindowsFormsApp4", "WindowsFormsApp4\WindowsFormsApp4.csproj", "{DEE73ADC-E894-4D9E-AE92-32938ABF0914}"
EndProject
Global
	GlobalSection(SolutionConfigurationPlatforms) = preSolution
		Debug|Any CPU = Debug|Any CPU
		Release|Any CPU = Release|Any CPU
	EndGlobalSection
	GlobalSection(ProjectConfigurationPlatforms) = postSolution
		{DEE73ADC-E894-4D9E-AE92-32938ABF0914}.Debug|Any CPU.ActiveCfg = Debug|Any CPU
		{DEE73ADC-E894-4D9E-AE92-32938ABF0914}.Debug|Any CPU.Build.0 = Debug|Any CPU
		{DEE73ADC-E894-4D9E-AE92-32938ABF0914}.Release|Any CPU.ActiveCfg = Release|Any CPU
		{DEE73ADC-E894-4D9E-AE92-32938ABF0914}.Release|Any CPU.Build.0 = Release|Any CPU
	EndGlobalSection
	GlobalSection(SolutionProperties) = preSolution
		HideSolutionNode = FALSE
	EndGlobalSection
	GlobalSection(ExtensibilityGlobals) = postSolution
		SolutionGuid = {0499C5D9-4415-42F7-BAAE-82B10B486482}
	EndGlobalSection
EndGlobal
